<?xml version="1.0" encoding="utf-8"?>
<Project ToolsVersion="4.0" xmlns="http://schemas.microsoft.com/developer/msbuild/2003">
  <ItemGroup>
    <Filter Include="Source Files">
      <UniqueIdentifier>{4FC737F1-C7A5-4376-A066-2A32D752A2FF}</UniqueIdentifier>
      <Extensions>cpp;c;cc;cxx;def;odl;idl;hpj;bat;asm;asmx</Extensions>
    </Filter>
    <Filter Include="Object Creation">
      <UniqueIdentifier>{3dee42c0-e365-48d1-af3a-bb7940f2c4f7}</UniqueIdentifier>
    </Filter>
    <Filter Include="StateMachine">
      <UniqueIdentifier>{9f79d13a-390e-4728-b89b-9a349fb35cfc}</UniqueIdentifier>
    </Filter>
    <Filter Include="Grid">
      <UniqueIdentifier>{5ef423b3-84f9-4396-971f-df3b92d41c92}</UniqueIdentifier>
    </Filter>
    <Filter Include="Behaviour StateMachine">
      <UniqueIdentifier>{7915dc61-e1f4-4dcf-a082-1700df54ef15}</UniqueIdentifier>
    </Filter>
    <Filter Include="Behaviour StateMachine\Decision Tree">
      <UniqueIdentifier>{c94c858d-15e1-4006-9c72-9aaa39d3356c}</UniqueIdentifier>
    </Filter>
    <Filter Include="Behaviours">
      <UniqueIdentifier>{9c23d927-70b6-43c5-8c6f-d1666da522e3}</UniqueIdentifier>
    </Filter>
  </ItemGroup>
  <ItemGroup>
    <ClCompile Include="GameState.cpp">
      <Filter>StateMachine</Filter>
    </ClCompile>
    <ClCompile Include="LoadState.cpp">
      <Filter>StateMachine</Filter>
    </ClCompile>
    <ClCompile Include="MenuState.cpp">
      <Filter>StateMachine</Filter>
    </ClCompile>
    <ClCompile Include="PauseState.cpp">
      <Filter>StateMachine</Filter>
    </ClCompile>
    <ClCompile Include="SplashState.cpp">
      <Filter>StateMachine</Filter>
    </ClCompile>
    <ClCompile Include="State.cpp">
      <Filter>StateMachine</Filter>
    </ClCompile>
    <ClCompile Include="StateManager.cpp">
      <Filter>StateMachine</Filter>
    </ClCompile>
    <ClCompile Include="Factory.cpp">
      <Filter>Object Creation</Filter>
    </ClCompile>
    <ClCompile Include="Object.cpp">
      <Filter>Object Creation</Filter>
    </ClCompile>
    <ClCompile Include="Application2D.cpp">
      <Filter>Source Files</Filter>
    </ClCompile>
    <ClCompile Include="main.cpp">
      <Filter>Source Files</Filter>
    </ClCompile>
    <ClCompile Include="Setting.cpp">
      <Filter>Source Files</Filter>
    </ClCompile>
    <ClCompile Include="Edge.cpp">
      <Filter>Grid</Filter>
    </ClCompile>
    <ClCompile Include="Node.cpp">
      <Filter>Grid</Filter>
    </ClCompile>
    <ClCompile Include="NodeManager.cpp">
      <Filter>Grid</Filter>
    </ClCompile>
    <ClCompile Include="Player.cpp">
      <Filter>Object Creation</Filter>
    </ClCompile>
    <ClCompile Include="Enemy.cpp">
      <Filter>Object Creation</Filter>
    </ClCompile>
    <ClCompile Include="BehaviourState.cpp">
      <Filter>Behaviour StateMachine</Filter>
    </ClCompile>
    <ClCompile Include="BSM.cpp">
      <Filter>Behaviour StateMachine</Filter>
    </ClCompile>
    <ClCompile Include="SeekState.cpp">
      <Filter>Behaviour StateMachine</Filter>
    </ClCompile>
    <ClCompile Include="SeekDecision.cpp">
      <Filter>Behaviour StateMachine\Decision Tree</Filter>
    </ClCompile>
    <ClCompile Include="Vector2.cpp">
      <Filter>Object Creation</Filter>
    </ClCompile>
    <ClCompile Include="Behaviours.cpp">
      <Filter>Behaviours</Filter>
    </ClCompile>
    <ClCompile Include="Seek.cpp">
      <Filter>Behaviours</Filter>
    </ClCompile>
    <ClCompile Include="Flee.cpp">
      <Filter>Behaviours</Filter>
    </ClCompile>
    <ClCompile Include="Alignment.cpp">
      <Filter>Behaviours</Filter>
    </ClCompile>
    <ClCompile Include="Cohesion.cpp">
      <Filter>Behaviours</Filter>
    </ClCompile>
    <ClCompile Include="Separation.cpp">
      <Filter>Behaviours</Filter>
    </ClCompile>
  </ItemGroup>
  <ItemGroup>
    <ClInclude Include="GameState.h">
      <Filter>StateMachine</Filter>
    </ClInclude>
    <ClInclude Include="GameStateTypes.h">
      <Filter>StateMachine</Filter>
    </ClInclude>
    <ClInclude Include="LoadState.h">
      <Filter>StateMachine</Filter>
    </ClInclude>
    <ClInclude Include="MenuState.h">
      <Filter>StateMachine</Filter>
    </ClInclude>
    <ClInclude Include="PauseState.h">
      <Filter>StateMachine</Filter>
    </ClInclude>
    <ClInclude Include="SplashState.h">
      <Filter>StateMachine</Filter>
    </ClInclude>
    <ClInclude Include="State.h">
      <Filter>StateMachine</Filter>
    </ClInclude>
    <ClInclude Include="StateManager.h">
      <Filter>StateMachine</Filter>
    </ClInclude>
    <ClInclude Include="Factory.h">
      <Filter>Object Creation</Filter>
    </ClInclude>
    <ClInclude Include="Object.h">
      <Filter>Object Creation</Filter>
    </ClInclude>
    <ClInclude Include="Application2D.h">
      <Filter>Source Files</Filter>
    </ClInclude>
    <ClInclude Include="Setting.h">
      <Filter>Source Files</Filter>
    </ClInclude>
    <ClInclude Include="Edge.h">
      <Filter>Grid</Filter>
    </ClInclude>
    <ClInclude Include="Node.h">
      <Filter>Grid</Filter>
    </ClInclude>
    <ClInclude Include="NodeManager.h">
      <Filter>Grid</Filter>
    </ClInclude>
    <ClInclude Include="Player.h">
      <Filter>Object Creation</Filter>
    </ClInclude>
    <ClInclude Include="Enemy.h">
      <Filter>Object Creation</Filter>
    </ClInclude>
    <ClInclude Include="BehaviourState.h">
      <Filter>Behaviour StateMachine</Filter>
    </ClInclude>
    <ClInclude Include="BSM.h">
      <Filter>Behaviour StateMachine</Filter>
    </ClInclude>
    <ClInclude Include="BehaviourStatetypes.h">
      <Filter>Behaviour StateMachine</Filter>
    </ClInclude>
    <ClInclude Include="SeekState.h">
      <Filter>Behaviour StateMachine</Filter>
    </ClInclude>
    <ClInclude Include="SeekDecision.h">
      <Filter>Behaviour StateMachine\Decision Tree</Filter>
    </ClInclude>
    <ClInclude Include="Vector2.h">
      <Filter>Object Creation</Filter>
    </ClInclude>
    <ClInclude Include="real.h">
      <Filter>Object Creation</Filter>
    </ClInclude>
    <ClInclude Include="Behaviours.h">
      <Filter>Behaviours</Filter>
    </ClInclude>
    <ClInclude Include="Seek.h">
      <Filter>Behaviours</Filter>
    </ClInclude>
    <ClInclude Include="Flee.h">
      <Filter>Behaviours</Filter>
    </ClInclude>
    <ClInclude Include="Alignment.h">
      <Filter>Behaviours</Filter>
    </ClInclude>
    <ClInclude Include="Cohesion.h">
      <Filter>Behaviours</Filter>
    </ClInclude>
    <ClInclude Include="Separation.h">
      <Filter>Behaviours</Filter>
    </ClInclude>
  </ItemGroup>
</Project>